
Microsoft Visual Studio Solution File, Format Version 12.00
# Visual Studio Version 17
VisualStudioVersion = 17.1.32210.238
MinimumVisualStudioVersion = 10.0.40219.1
Project("{9A19103F-16F7-4668-BE54-9A1E7A4F7556}") = "Blun.ContentSecurityPolicy", "src\lib\Blun.ContentSecurityPolicy\Blun.ContentSecurityPolicy.csproj", "{707353EA-7A93-4CD3-A9FA-A03824EA373A}"
EndProject
Project("{FAE04EC0-301F-11D3-BF4B-00C04F79EFBC}") = "Blun.ContentSecurityPolicy.Mvc", "src\net4\Blun.ContentSecurityPolicy.Mvc\Blun.ContentSecurityPolicy.Mvc.csproj", "{E435E97B-1693-4CED-8D32-B8C2E96536C9}"
EndProject
Project("{9A19103F-16F7-4668-BE54-9A1E7A4F7556}") = "Blun.ContentSecurityPolicy.AspNetCore", "src\net\Blun.ContentSecurityPolicy.AspNetCore\Blun.ContentSecurityPolicy.AspNetCore.csproj", "{DFF9FD5A-B6D5-4FE0-8900-D7443A0A10EF}"
EndProject
Project("{9A19103F-16F7-4668-BE54-9A1E7A4F7556}") = "Blun.Csp.AspNetCore.TestApp", "usecase\Blun.Csp.AspNetCore.TestApp\Blun.Csp.AspNetCore.TestApp.csproj", "{A69A4B43-BD5B-4A81-8ECF-D3E26517E889}"
EndProject
Project("{2150E333-8FDC-42A3-9474-1A3956D46DE8}") = "test", "test", "{B7D11E21-CA25-484C-ACF4-A8202D26E704}"
EndProject
Project("{FAE04EC0-301F-11D3-BF4B-00C04F79EFBC}") = "Blun.Csp.MvcWebapi.TestApp", "usecase\Blun.Csp.MvcWebapi.TestApp\Blun.Csp.MvcWebapi.TestApp.csproj", "{D17355D4-E3AF-423A-B499-18423D2062F0}"
EndProject
Project("{FAE04EC0-301F-11D3-BF4B-00C04F79EFBC}") = "Blun.ContentSecurityPolicy.Webapi", "src\net4\Blun.ContentSecurityPolicy.Webapi\Blun.ContentSecurityPolicy.Webapi.csproj", "{1DF2AA71-8BA9-4DF6-8930-67CF991D32D0}"
EndProject
Project("{FAE04EC0-301F-11D3-BF4B-00C04F79EFBC}") = "Blun.ContentSecurityPolicy.Owin", "src\net4\Blun.ContentSecurityPolicy.Owin\Blun.ContentSecurityPolicy.Owin.csproj", "{5858430D-4789-4E4A-95B6-2CAB2101E4EF}"
EndProject
Project("{2150E333-8FDC-42A3-9474-1A3956D46DE8}") = "net4", "net4", "{2D617DD1-F987-4CE5-B8DA-BC83AA358F35}"
EndProject
Project("{2150E333-8FDC-42A3-9474-1A3956D46DE8}") = "net", "net", "{30FFD13B-4131-4946-B600-C31E116FDDD5}"
EndProject
Project("{2150E333-8FDC-42A3-9474-1A3956D46DE8}") = "lib", "lib", "{23092FB6-85CD-474D-8CFB-3A1E68E56F17}"
EndProject
Global
	GlobalSection(SolutionConfigurationPlatforms) = preSolution
		Debug|Any CPU = Debug|Any CPU
		Release|Any CPU = Release|Any CPU
	EndGlobalSection
	GlobalSection(ProjectConfigurationPlatforms) = postSolution
		{707353EA-7A93-4CD3-A9FA-A03824EA373A}.Debug|Any CPU.ActiveCfg = Debug|Any CPU
		{707353EA-7A93-4CD3-A9FA-A03824EA373A}.Debug|Any CPU.Build.0 = Debug|Any CPU
		{707353EA-7A93-4CD3-A9FA-A03824EA373A}.Release|Any CPU.ActiveCfg = Release|Any CPU
		{707353EA-7A93-4CD3-A9FA-A03824EA373A}.Release|Any CPU.Build.0 = Release|Any CPU
		{E435E97B-1693-4CED-8D32-B8C2E96536C9}.Debug|Any CPU.ActiveCfg = Debug|Any CPU
		{E435E97B-1693-4CED-8D32-B8C2E96536C9}.Debug|Any CPU.Build.0 = Debug|Any CPU
		{E435E97B-1693-4CED-8D32-B8C2E96536C9}.Release|Any CPU.ActiveCfg = Release|Any CPU
		{E435E97B-1693-4CED-8D32-B8C2E96536C9}.Release|Any CPU.Build.0 = Release|Any CPU
		{DFF9FD5A-B6D5-4FE0-8900-D7443A0A10EF}.Debug|Any CPU.ActiveCfg = Debug|Any CPU
		{DFF9FD5A-B6D5-4FE0-8900-D7443A0A10EF}.Debug|Any CPU.Build.0 = Debug|Any CPU
		{DFF9FD5A-B6D5-4FE0-8900-D7443A0A10EF}.Release|Any CPU.ActiveCfg = Release|Any CPU
		{DFF9FD5A-B6D5-4FE0-8900-D7443A0A10EF}.Release|Any CPU.Build.0 = Release|Any CPU
		{A69A4B43-BD5B-4A81-8ECF-D3E26517E889}.Debug|Any CPU.ActiveCfg = Debug|Any CPU
		{A69A4B43-BD5B-4A81-8ECF-D3E26517E889}.Debug|Any CPU.Build.0 = Debug|Any CPU
		{A69A4B43-BD5B-4A81-8ECF-D3E26517E889}.Release|Any CPU.ActiveCfg = Release|Any CPU
		{A69A4B43-BD5B-4A81-8ECF-D3E26517E889}.Release|Any CPU.Build.0 = Release|Any CPU
		{D17355D4-E3AF-423A-B499-18423D2062F0}.Debug|Any CPU.ActiveCfg = Debug|Any CPU
		{D17355D4-E3AF-423A-B499-18423D2062F0}.Debug|Any CPU.Build.0 = Debug|Any CPU
		{D17355D4-E3AF-423A-B499-18423D2062F0}.Release|Any CPU.ActiveCfg = Release|Any CPU
		{D17355D4-E3AF-423A-B499-18423D2062F0}.Release|Any CPU.Build.0 = Release|Any CPU
		{1DF2AA71-8BA9-4DF6-8930-67CF991D32D0}.Debug|Any CPU.ActiveCfg = Debug|Any CPU
		{1DF2AA71-8BA9-4DF6-8930-67CF991D32D0}.Debug|Any CPU.Build.0 = Debug|Any CPU
		{1DF2AA71-8BA9-4DF6-8930-67CF991D32D0}.Release|Any CPU.ActiveCfg = Release|Any CPU
		{1DF2AA71-8BA9-4DF6-8930-67CF991D32D0}.Release|Any CPU.Build.0 = Release|Any CPU
		{5858430D-4789-4E4A-95B6-2CAB2101E4EF}.Debug|Any CPU.ActiveCfg = Debug|Any CPU
		{5858430D-4789-4E4A-95B6-2CAB2101E4EF}.Debug|Any CPU.Build.0 = Debug|Any CPU
		{5858430D-4789-4E4A-95B6-2CAB2101E4EF}.Release|Any CPU.ActiveCfg = Release|Any CPU
		{5858430D-4789-4E4A-95B6-2CAB2101E4EF}.Release|Any CPU.Build.0 = Release|Any CPU
	EndGlobalSection
	GlobalSection(SolutionProperties) = preSolution
		HideSolutionNode = FALSE
	EndGlobalSection
	GlobalSection(NestedProjects) = preSolution
		{707353EA-7A93-4CD3-A9FA-A03824EA373A} = {23092FB6-85CD-474D-8CFB-3A1E68E56F17}
		{E435E97B-1693-4CED-8D32-B8C2E96536C9} = {2D617DD1-F987-4CE5-B8DA-BC83AA358F35}
		{DFF9FD5A-B6D5-4FE0-8900-D7443A0A10EF} = {30FFD13B-4131-4946-B600-C31E116FDDD5}
		{A69A4B43-BD5B-4A81-8ECF-D3E26517E889} = {B7D11E21-CA25-484C-ACF4-A8202D26E704}
		{D17355D4-E3AF-423A-B499-18423D2062F0} = {B7D11E21-CA25-484C-ACF4-A8202D26E704}
		{1DF2AA71-8BA9-4DF6-8930-67CF991D32D0} = {2D617DD1-F987-4CE5-B8DA-BC83AA358F35}
		{5858430D-4789-4E4A-95B6-2CAB2101E4EF} = {2D617DD1-F987-4CE5-B8DA-BC83AA358F35}
	EndGlobalSection
	GlobalSection(ExtensibilityGlobals) = postSolution
		SolutionGuid = {BF9ABF23-252A-4C80-92A1-424C4EC52070}
	EndGlobalSection
EndGlobal
